
Microsoft Visual Studio Solution File, Format Version 12.00
# Visual Studio Version 16
VisualStudioVersion = 16.0.31019.35
MinimumVisualStudioVersion = 10.0.40219.1
Project("{FAE04EC0-301F-11D3-BF4B-00C04F79EFBC}") = "OrderWebApi", "OrderWebApi.csproj", "{5E1F87AE-5BA9-4000-AF06-E0CE9FEEACAC}"
EndProject
Global
	GlobalSection(SolutionConfigurationPlatforms) = preSolution
		Debug|Any CPU = Debug|Any CPU
		Release|Any CPU = Release|Any CPU
	EndGlobalSection
	GlobalSection(ProjectConfigurationPlatforms) = postSolution
		{5E1F87AE-5BA9-4000-AF06-E0CE9FEEACAC}.Debug|Any CPU.ActiveCfg = Debug|Any CPU
		{5E1F87AE-5BA9-4000-AF06-E0CE9FEEACAC}.Debug|Any CPU.Build.0 = Debug|Any CPU
		{5E1F87AE-5BA9-4000-AF06-E0CE9FEEACAC}.Release|Any CPU.ActiveCfg = Release|Any CPU
		{5E1F87AE-5BA9-4000-AF06-E0CE9FEEACAC}.Release|Any CPU.Build.0 = Release|Any CPU
	EndGlobalSection
	GlobalSection(SolutionProperties) = preSolution
		HideSolutionNode = FALSE
	EndGlobalSection
	GlobalSection(ExtensibilityGlobals) = postSolution
		SolutionGuid = {1A68B389-4BD4-4C91-8793-4FCDF60F82D2}
	EndGlobalSection
EndGlobal
