
Microsoft Visual Studio Solution File, Format Version 12.00
# Visual Studio Version 16
VisualStudioVersion = 16.0.31019.35
MinimumVisualStudioVersion = 10.0.40219.1
Project("{FAE04EC0-301F-11D3-BF4B-00C04F79EFBC}") = "ConsoleApp1", "ConsoleApp1.csproj", "{345E9040-D748-4B56-9BA5-BF04C82A6415}"
EndProject
Project("{FAE04EC0-301F-11D3-BF4B-00C04F79EFBC}") = "ConsoleApp2", "..\ConsoleApp2\ConsoleApp2.csproj", "{DDADCECE-6471-4E97-96AD-08618DEC1B4A}"
EndProject
Project("{FAE04EC0-301F-11D3-BF4B-00C04F79EFBC}") = "ConsoleApp3", "..\ConsoleApp3\ConsoleApp3.csproj", "{D59EF461-EC4A-48ED-9930-5B683762DB69}"
EndProject
Project("{FAE04EC0-301F-11D3-BF4B-00C04F79EFBC}") = "ConsoleApp4", "..\ConsoleApp4\ConsoleApp4.csproj", "{51C62985-9956-4610-8910-D767B17C6CE9}"
EndProject
Global
	GlobalSection(SolutionConfigurationPlatforms) = preSolution
		Debug|Any CPU = Debug|Any CPU
		Release|Any CPU = Release|Any CPU
	EndGlobalSection
	GlobalSection(ProjectConfigurationPlatforms) = postSolution
		{345E9040-D748-4B56-9BA5-BF04C82A6415}.Debug|Any CPU.ActiveCfg = Debug|Any CPU
		{345E9040-D748-4B56-9BA5-BF04C82A6415}.Debug|Any CPU.Build.0 = Debug|Any CPU
		{345E9040-D748-4B56-9BA5-BF04C82A6415}.Release|Any CPU.ActiveCfg = Release|Any CPU
		{345E9040-D748-4B56-9BA5-BF04C82A6415}.Release|Any CPU.Build.0 = Release|Any CPU
		{DDADCECE-6471-4E97-96AD-08618DEC1B4A}.Debug|Any CPU.ActiveCfg = Debug|Any CPU
		{DDADCECE-6471-4E97-96AD-08618DEC1B4A}.Debug|Any CPU.Build.0 = Debug|Any CPU
		{DDADCECE-6471-4E97-96AD-08618DEC1B4A}.Release|Any CPU.ActiveCfg = Release|Any CPU
		{DDADCECE-6471-4E97-96AD-08618DEC1B4A}.Release|Any CPU.Build.0 = Release|Any CPU
		{D59EF461-EC4A-48ED-9930-5B683762DB69}.Debug|Any CPU.ActiveCfg = Debug|Any CPU
		{D59EF461-EC4A-48ED-9930-5B683762DB69}.Debug|Any CPU.Build.0 = Debug|Any CPU
		{D59EF461-EC4A-48ED-9930-5B683762DB69}.Release|Any CPU.ActiveCfg = Release|Any CPU
		{D59EF461-EC4A-48ED-9930-5B683762DB69}.Release|Any CPU.Build.0 = Release|Any CPU
		{51C62985-9956-4610-8910-D767B17C6CE9}.Debug|Any CPU.ActiveCfg = Debug|Any CPU
		{51C62985-9956-4610-8910-D767B17C6CE9}.Debug|Any CPU.Build.0 = Debug|Any CPU
		{51C62985-9956-4610-8910-D767B17C6CE9}.Release|Any CPU.ActiveCfg = Release|Any CPU
		{51C62985-9956-4610-8910-D767B17C6CE9}.Release|Any CPU.Build.0 = Release|Any CPU
	EndGlobalSection
	GlobalSection(SolutionProperties) = preSolution
		HideSolutionNode = FALSE
	EndGlobalSection
	GlobalSection(ExtensibilityGlobals) = postSolution
		SolutionGuid = {207C8163-0A15-444A-9E2F-2196B538DFBE}
	EndGlobalSection
EndGlobal
