
Microsoft Visual Studio Solution File, Format Version 12.00
# Visual Studio Version 16
VisualStudioVersion = 16.0.31019.35
MinimumVisualStudioVersion = 10.0.40219.1
Project("{FAE04EC0-301F-11D3-BF4B-00C04F79EFBC}") = "CayleyTree", "CayleyTree.csproj", "{15FAC8D9-9EC2-4517-B14B-F45FAF672B7D}"
EndProject
Global
	GlobalSection(SolutionConfigurationPlatforms) = preSolution
		Debug|Any CPU = Debug|Any CPU
		Release|Any CPU = Release|Any CPU
	EndGlobalSection
	GlobalSection(ProjectConfigurationPlatforms) = postSolution
		{15FAC8D9-9EC2-4517-B14B-F45FAF672B7D}.Debug|Any CPU.ActiveCfg = Debug|Any CPU
		{15FAC8D9-9EC2-4517-B14B-F45FAF672B7D}.Debug|Any CPU.Build.0 = Debug|Any CPU
		{15FAC8D9-9EC2-4517-B14B-F45FAF672B7D}.Release|Any CPU.ActiveCfg = Release|Any CPU
		{15FAC8D9-9EC2-4517-B14B-F45FAF672B7D}.Release|Any CPU.Build.0 = Release|Any CPU
	EndGlobalSection
	GlobalSection(SolutionProperties) = preSolution
		HideSolutionNode = FALSE
	EndGlobalSection
	GlobalSection(ExtensibilityGlobals) = postSolution
		SolutionGuid = {B69D4922-47CB-425B-82E9-233136E32C48}
	EndGlobalSection
EndGlobal
