
Microsoft Visual Studio Solution File, Format Version 12.00
# Visual Studio Version 16
VisualStudioVersion = 16.0.31019.35
MinimumVisualStudioVersion = 10.0.40219.1
Project("{FAE04EC0-301F-11D3-BF4B-00C04F79EFBC}") = "OrderWinForm", "OrderWinForm.csproj", "{C467AE5C-D1BF-499C-916B-E18C8CD9E927}"
	ProjectSection(ProjectDependencies) = postProject
		{CA98A8E0-9173-4C2A-8629-C3A8512286C5} = {CA98A8E0-9173-4C2A-8629-C3A8512286C5}
	EndProjectSection
EndProject
Project("{FAE04EC0-301F-11D3-BF4B-00C04F79EFBC}") = "OrderApp", "..\..\..\..\Desktop\C#\标准作业\Homework6\OrderSerialize\OrderApp.csproj", "{CA98A8E0-9173-4C2A-8629-C3A8512286C5}"
EndProject
Global
	GlobalSection(SolutionConfigurationPlatforms) = preSolution
		Debug|Any CPU = Debug|Any CPU
		Release|Any CPU = Release|Any CPU
	EndGlobalSection
	GlobalSection(ProjectConfigurationPlatforms) = postSolution
		{C467AE5C-D1BF-499C-916B-E18C8CD9E927}.Debug|Any CPU.ActiveCfg = Debug|Any CPU
		{C467AE5C-D1BF-499C-916B-E18C8CD9E927}.Debug|Any CPU.Build.0 = Debug|Any CPU
		{C467AE5C-D1BF-499C-916B-E18C8CD9E927}.Release|Any CPU.ActiveCfg = Release|Any CPU
		{C467AE5C-D1BF-499C-916B-E18C8CD9E927}.Release|Any CPU.Build.0 = Release|Any CPU
		{CA98A8E0-9173-4C2A-8629-C3A8512286C5}.Debug|Any CPU.ActiveCfg = Debug|Any CPU
		{CA98A8E0-9173-4C2A-8629-C3A8512286C5}.Debug|Any CPU.Build.0 = Debug|Any CPU
		{CA98A8E0-9173-4C2A-8629-C3A8512286C5}.Release|Any CPU.ActiveCfg = Release|Any CPU
		{CA98A8E0-9173-4C2A-8629-C3A8512286C5}.Release|Any CPU.Build.0 = Release|Any CPU
	EndGlobalSection
	GlobalSection(SolutionProperties) = preSolution
		HideSolutionNode = FALSE
	EndGlobalSection
	GlobalSection(ExtensibilityGlobals) = postSolution
		SolutionGuid = {D38476C6-170A-407E-A6E4-674567EEB220}
	EndGlobalSection
EndGlobal
